// !$*UTF8*$!
{
	archiveVersion = 1;
	classes = {
	};
	objectVersion = 55;
	objects = {

/* Begin PBXBuildFile section */
		AE77B1A928A27C2300BF0BB7 /* MarketDataModel.swift in Sources */ = {isa = PBXBuildFile; fileRef = AE77B1A828A27C2300BF0BB7 /* MarketDataModel.swift */; };
		AE77B1AB28A2853700BF0BB7 /* MarketDataService.swift in Sources */ = {isa = PBXBuildFile; fileRef = AE77B1AA28A2853700BF0BB7 /* MarketDataService.swift */; };
		AE7A6A95288E9350007CCBEB /* Crypto_AppApp.swift in Sources */ = {isa = PBXBuildFile; fileRef = AE7A6A94288E9350007CCBEB /* Crypto_AppApp.swift */; };
		AE7A6A97288E9350007CCBEB /* ContentView.swift in Sources */ = {isa = PBXBuildFile; fileRef = AE7A6A96288E9350007CCBEB /* ContentView.swift */; };
		AE7A6A9C288E9353007CCBEB /* Preview Assets.xcassets in Resources */ = {isa = PBXBuildFile; fileRef = AE7A6A9B288E9353007CCBEB /* Preview Assets.xcassets */; };
		AE7A6AA3288E9362007CCBEB /* Assets.xcassets in Resources */ = {isa = PBXBuildFile; fileRef = AE7A6AA2288E9362007CCBEB /* Assets.xcassets */; };
		AE7A6AA6288E93A7007CCBEB /* Color.swift in Sources */ = {isa = PBXBuildFile; fileRef = AE7A6AA5288E93A7007CCBEB /* Color.swift */; };
		AE7A6AAC288EC27B007CCBEB /* HomeView.swift in Sources */ = {isa = PBXBuildFile; fileRef = AE7A6AAB288EC27B007CCBEB /* HomeView.swift */; };
		AE7A6AB0288EC414007CCBEB /* CircleViewButton.swift in Sources */ = {isa = PBXBuildFile; fileRef = AE7A6AAF288EC414007CCBEB /* CircleViewButton.swift */; };
		AE7A6AB2288ECC45007CCBEB /* CircleButtonAnimation.swift in Sources */ = {isa = PBXBuildFile; fileRef = AE7A6AB1288ECC45007CCBEB /* CircleButtonAnimation.swift */; };
		AE7C1B282895245200F914B3 /* NetworkManager.swift in Sources */ = {isa = PBXBuildFile; fileRef = AE7C1B272895245200F914B3 /* NetworkManager.swift */; };
		AE7C1B2B28953FF300F914B3 /* CoinImageView.swift in Sources */ = {isa = PBXBuildFile; fileRef = AE7C1B2A28953FF300F914B3 /* CoinImageView.swift */; };
		AE7C1B2D289541C800F914B3 /* CoinImageServices.swift in Sources */ = {isa = PBXBuildFile; fileRef = AE7C1B2C289541C800F914B3 /* CoinImageServices.swift */; };
		AE7C1B2F2895444800F914B3 /* CoinImageViewModel.swift in Sources */ = {isa = PBXBuildFile; fileRef = AE7C1B2E2895444800F914B3 /* CoinImageViewModel.swift */; };
		AE7EB2D4288FAB0000B648A9 /* CoinModel.swift in Sources */ = {isa = PBXBuildFile; fileRef = AE7EB2D3288FAB0000B648A9 /* CoinModel.swift */; };
		AE7EB2D6288FC12900B648A9 /* CoinRowView.swift in Sources */ = {isa = PBXBuildFile; fileRef = AE7EB2D5288FC12900B648A9 /* CoinRowView.swift */; };
		AE7EB2DA288FC31300B648A9 /* PreviewProvider.swift in Sources */ = {isa = PBXBuildFile; fileRef = AE7EB2D9288FC31300B648A9 /* PreviewProvider.swift */; };
		AE7EB2DC288FC7D900B648A9 /* Double.swift in Sources */ = {isa = PBXBuildFile; fileRef = AE7EB2DB288FC7D900B648A9 /* Double.swift */; };
		AE7EB2DE288FDE7900B648A9 /* HomeViewModel.swift in Sources */ = {isa = PBXBuildFile; fileRef = AE7EB2DD288FDE7900B648A9 /* HomeViewModel.swift */; };
		AE80126F28A255980041AB27 /* StatisticModel.swift in Sources */ = {isa = PBXBuildFile; fileRef = AE80126E28A255970041AB27 /* StatisticModel.swift */; };
		AE80127128A2570F0041AB27 /* StatisticsView.swift in Sources */ = {isa = PBXBuildFile; fileRef = AE80127028A2570F0041AB27 /* StatisticsView.swift */; };
		AE80127328A26DCF0041AB27 /* HomeStatView.swift in Sources */ = {isa = PBXBuildFile; fileRef = AE80127228A26DCF0041AB27 /* HomeStatView.swift */; };
		AE821E722890FF70008692C9 /* CoinDataService.swift in Sources */ = {isa = PBXBuildFile; fileRef = AE821E712890FF70008692C9 /* CoinDataService.swift */; };
		AE87B4F128A0E6BF00D86909 /* LocalFileManager.swift in Sources */ = {isa = PBXBuildFile; fileRef = AE87B4F028A0E6BF00D86909 /* LocalFileManager.swift */; };
		AE87B4F328A12D6600D86909 /* SearchBarView.swift in Sources */ = {isa = PBXBuildFile; fileRef = AE87B4F228A12D6600D86909 /* SearchBarView.swift */; };
		AE87B4F528A139F900D86909 /* UIApplication.swift in Sources */ = {isa = PBXBuildFile; fileRef = AE87B4F428A139F900D86909 /* UIApplication.swift */; };
/* End PBXBuildFile section */

/* Begin PBXFileReference section */
		AE77B1A828A27C2300BF0BB7 /* MarketDataModel.swift */ = {isa = PBXFileReference; lastKnownFileType = sourcecode.swift; path = MarketDataModel.swift; sourceTree = "<group>"; };
		AE77B1AA28A2853700BF0BB7 /* MarketDataService.swift */ = {isa = PBXFileReference; lastKnownFileType = sourcecode.swift; path = MarketDataService.swift; sourceTree = "<group>"; };
		AE7A6A91288E9350007CCBEB /* Crypto App.app */ = {isa = PBXFileReference; explicitFileType = wrapper.application; includeInIndex = 0; path = "Crypto App.app"; sourceTree = BUILT_PRODUCTS_DIR; };
		AE7A6A94288E9350007CCBEB /* Crypto_AppApp.swift */ = {isa = PBXFileReference; lastKnownFileType = sourcecode.swift; path = Crypto_AppApp.swift; sourceTree = "<group>"; };
		AE7A6A96288E9350007CCBEB /* ContentView.swift */ = {isa = PBXFileReference; lastKnownFileType = sourcecode.swift; path = ContentView.swift; sourceTree = "<group>"; };
		AE7A6A9B288E9353007CCBEB /* Preview Assets.xcassets */ = {isa = PBXFileReference; lastKnownFileType = folder.assetcatalog; path = "Preview Assets.xcassets"; sourceTree = "<group>"; };
		AE7A6AA2288E9362007CCBEB /* Assets.xcassets */ = {isa = PBXFileReference; lastKnownFileType = folder.assetcatalog; name = Assets.xcassets; path = ../../../Downloads/Resources/Assets.xcassets; sourceTree = "<group>"; };
		AE7A6AA5288E93A7007CCBEB /* Color.swift */ = {isa = PBXFileReference; lastKnownFileType = sourcecode.swift; path = Color.swift; sourceTree = "<group>"; };
		AE7A6AAB288EC27B007CCBEB /* HomeView.swift */ = {isa = PBXFileReference; lastKnownFileType = sourcecode.swift; path = HomeView.swift; sourceTree = "<group>"; };
		AE7A6AAF288EC414007CCBEB /* CircleViewButton.swift */ = {isa = PBXFileReference; lastKnownFileType = sourcecode.swift; path = CircleViewButton.swift; sourceTree = "<group>"; };
		AE7A6AB1288ECC45007CCBEB /* CircleButtonAnimation.swift */ = {isa = PBXFileReference; lastKnownFileType = sourcecode.swift; path = CircleButtonAnimation.swift; sourceTree = "<group>"; };
		AE7C1B272895245200F914B3 /* NetworkManager.swift */ = {isa = PBXFileReference; lastKnownFileType = sourcecode.swift; path = NetworkManager.swift; sourceTree = "<group>"; };
		AE7C1B2A28953FF300F914B3 /* CoinImageView.swift */ = {isa = PBXFileReference; lastKnownFileType = sourcecode.swift; path = CoinImageView.swift; sourceTree = "<group>"; };
		AE7C1B2C289541C800F914B3 /* CoinImageServices.swift */ = {isa = PBXFileReference; lastKnownFileType = sourcecode.swift; path = CoinImageServices.swift; sourceTree = "<group>"; };
		AE7C1B2E2895444800F914B3 /* CoinImageViewModel.swift */ = {isa = PBXFileReference; lastKnownFileType = sourcecode.swift; path = CoinImageViewModel.swift; sourceTree = "<group>"; };
		AE7EB2D3288FAB0000B648A9 /* CoinModel.swift */ = {isa = PBXFileReference; lastKnownFileType = sourcecode.swift; path = CoinModel.swift; sourceTree = "<group>"; };
		AE7EB2D5288FC12900B648A9 /* CoinRowView.swift */ = {isa = PBXFileReference; lastKnownFileType = sourcecode.swift; path = CoinRowView.swift; sourceTree = "<group>"; };
		AE7EB2D9288FC31300B648A9 /* PreviewProvider.swift */ = {isa = PBXFileReference; fileEncoding = 4; lastKnownFileType = sourcecode.swift; path = PreviewProvider.swift; sourceTree = "<group>"; };
		AE7EB2DB288FC7D900B648A9 /* Double.swift */ = {isa = PBXFileReference; lastKnownFileType = sourcecode.swift; path = Double.swift; sourceTree = "<group>"; };
		AE7EB2DD288FDE7900B648A9 /* HomeViewModel.swift */ = {isa = PBXFileReference; lastKnownFileType = sourcecode.swift; path = HomeViewModel.swift; sourceTree = "<group>"; };
		AE80126E28A255970041AB27 /* StatisticModel.swift */ = {isa = PBXFileReference; lastKnownFileType = sourcecode.swift; path = StatisticModel.swift; sourceTree = "<group>"; };
		AE80127028A2570F0041AB27 /* StatisticsView.swift */ = {isa = PBXFileReference; lastKnownFileType = sourcecode.swift; path = StatisticsView.swift; sourceTree = "<group>"; };
		AE80127228A26DCF0041AB27 /* HomeStatView.swift */ = {isa = PBXFileReference; lastKnownFileType = sourcecode.swift; path = HomeStatView.swift; sourceTree = "<group>"; };
		AE821E712890FF70008692C9 /* CoinDataService.swift */ = {isa = PBXFileReference; lastKnownFileType = sourcecode.swift; path = CoinDataService.swift; sourceTree = "<group>"; };
		AE87B4F028A0E6BF00D86909 /* LocalFileManager.swift */ = {isa = PBXFileReference; lastKnownFileType = sourcecode.swift; path = LocalFileManager.swift; sourceTree = "<group>"; };
		AE87B4F228A12D6600D86909 /* SearchBarView.swift */ = {isa = PBXFileReference; lastKnownFileType = sourcecode.swift; path = SearchBarView.swift; sourceTree = "<group>"; };
		AE87B4F428A139F900D86909 /* UIApplication.swift */ = {isa = PBXFileReference; lastKnownFileType = sourcecode.swift; path = UIApplication.swift; sourceTree = "<group>"; };
/* End PBXFileReference section */

/* Begin PBXFrameworksBuildPhase section */
		AE7A6A8E288E9350007CCBEB /* Frameworks */ = {
			isa = PBXFrameworksBuildPhase;
			buildActionMask = 2147483647;
			files = (
			);
			runOnlyForDeploymentPostprocessing = 0;
		};
/* End PBXFrameworksBuildPhase section */

/* Begin PBXGroup section */
		AE7A6A88288E9350007CCBEB = {
			isa = PBXGroup;
			children = (
				AE7C1B262895243600F914B3 /* Utilities */,
				AE7A6A93288E9350007CCBEB /* Crypto App */,
				AE7A6A92288E9350007CCBEB /* Products */,
			);
			sourceTree = "<group>";
		};
		AE7A6A92288E9350007CCBEB /* Products */ = {
			isa = PBXGroup;
			children = (
				AE7A6A91288E9350007CCBEB /* Crypto App.app */,
			);
			name = Products;
			sourceTree = "<group>";
		};
		AE7A6A93288E9350007CCBEB /* Crypto App */ = {
			isa = PBXGroup;
			children = (
				AE821E702890FF58008692C9 /* Services */,
				AE7EB2D2288FAAEF00B648A9 /* Models */,
				AE7A6AA4288E9392007CCBEB /* Extensions */,
				AE7A6AA7288EC23C007CCBEB /* Core */,
				AE7A6A94288E9350007CCBEB /* Crypto_AppApp.swift */,
				AE7A6A96288E9350007CCBEB /* ContentView.swift */,
				AE7A6AA2288E9362007CCBEB /* Assets.xcassets */,
				AE7A6A9A288E9353007CCBEB /* Preview Content */,
			);
			path = "Crypto App";
			sourceTree = "<group>";
		};
		AE7A6A9A288E9353007CCBEB /* Preview Content */ = {
			isa = PBXGroup;
			children = (
				AE7A6A9B288E9353007CCBEB /* Preview Assets.xcassets */,
			);
			path = "Preview Content";
			sourceTree = "<group>";
		};
		AE7A6AA4288E9392007CCBEB /* Extensions */ = {
			isa = PBXGroup;
			children = (
				AE7EB2D9288FC31300B648A9 /* PreviewProvider.swift */,
				AE7A6AA5288E93A7007CCBEB /* Color.swift */,
				AE7EB2DB288FC7D900B648A9 /* Double.swift */,
				AE87B4F428A139F900D86909 /* UIApplication.swift */,
			);
			path = Extensions;
			sourceTree = "<group>";
		};
		AE7A6AA7288EC23C007CCBEB /* Core */ = {
			isa = PBXGroup;
			children = (
				AE7A6AAD288EC3F0007CCBEB /* Components */,
				AE7A6AA8288EC251007CCBEB /* Home */,
			);
			path = Core;
			sourceTree = "<group>";
		};
		AE7A6AA8288EC251007CCBEB /* Home */ = {
			isa = PBXGroup;
			children = (
				AE7A6AAA288EC260007CCBEB /* ViewModel */,
				AE7A6AA9288EC258007CCBEB /* View */,
			);
			path = Home;
			sourceTree = "<group>";
		};
		AE7A6AA9288EC258007CCBEB /* View */ = {
			isa = PBXGroup;
			children = (
				AE7A6AAB288EC27B007CCBEB /* HomeView.swift */,
				AE7EB2D5288FC12900B648A9 /* CoinRowView.swift */,
				AE80127228A26DCF0041AB27 /* HomeStatView.swift */,
			);
			path = View;
			sourceTree = "<group>";
		};
		AE7A6AAA288EC260007CCBEB /* ViewModel */ = {
			isa = PBXGroup;
			children = (
				AE7EB2DD288FDE7900B648A9 /* HomeViewModel.swift */,
			);
			path = ViewModel;
			sourceTree = "<group>";
		};
		AE7A6AAD288EC3F0007CCBEB /* Components */ = {
			isa = PBXGroup;
			children = (
				AE7C1B2928953FDD00F914B3 /* CoinImage */,
				AE7A6AAE288EC3FC007CCBEB /* CircleButton */,
				AE87B4F228A12D6600D86909 /* SearchBarView.swift */,
				AE80127028A2570F0041AB27 /* StatisticsView.swift */,
			);
			path = Components;
			sourceTree = "<group>";
		};
		AE7A6AAE288EC3FC007CCBEB /* CircleButton */ = {
			isa = PBXGroup;
			children = (
				AE7A6AAF288EC414007CCBEB /* CircleViewButton.swift */,
				AE7A6AB1288ECC45007CCBEB /* CircleButtonAnimation.swift */,
			);
			path = CircleButton;
			sourceTree = "<group>";
		};
		AE7C1B262895243600F914B3 /* Utilities */ = {
			isa = PBXGroup;
			children = (
				AE7C1B272895245200F914B3 /* NetworkManager.swift */,
				AE87B4F028A0E6BF00D86909 /* LocalFileManager.swift */,
			);
			path = Utilities;
			sourceTree = "<group>";
		};
		AE7C1B2928953FDD00F914B3 /* CoinImage */ = {
			isa = PBXGroup;
			children = (
				AE7C1B2A28953FF300F914B3 /* CoinImageView.swift */,
				AE7C1B2E2895444800F914B3 /* CoinImageViewModel.swift */,
			);
			path = CoinImage;
			sourceTree = "<group>";
		};
		AE7EB2D2288FAAEF00B648A9 /* Models */ = {
			isa = PBXGroup;
			children = (
				AE7EB2D3288FAB0000B648A9 /* CoinModel.swift */,
				AE80126E28A255970041AB27 /* StatisticModel.swift */,
				AE77B1A828A27C2300BF0BB7 /* MarketDataModel.swift */,
			);
			path = Models;
			sourceTree = "<group>";
		};
		AE821E702890FF58008692C9 /* Services */ = {
			isa = PBXGroup;
			children = (
				AE821E712890FF70008692C9 /* CoinDataService.swift */,
				AE7C1B2C289541C800F914B3 /* CoinImageServices.swift */,
				AE77B1AA28A2853700BF0BB7 /* MarketDataService.swift */,
			);
			path = Services;
			sourceTree = "<group>";
		};
/* End PBXGroup section */

/* Begin PBXNativeTarget section */
		AE7A6A90288E9350007CCBEB /* Crypto App */ = {
			isa = PBXNativeTarget;
			buildConfigurationList = AE7A6A9F288E9353007CCBEB /* Build configuration list for PBXNativeTarget "Crypto App" */;
			buildPhases = (
				AE7A6A8D288E9350007CCBEB /* Sources */,
				AE7A6A8E288E9350007CCBEB /* Frameworks */,
				AE7A6A8F288E9350007CCBEB /* Resources */,
			);
			buildRules = (
			);
			dependencies = (
			);
			name = "Crypto App";
			productName = "Crypto App";
			productReference = AE7A6A91288E9350007CCBEB /* Crypto App.app */;
			productType = "com.apple.product-type.application";
		};
/* End PBXNativeTarget section */

/* Begin PBXProject section */
		AE7A6A89288E9350007CCBEB /* Project object */ = {
			isa = PBXProject;
			attributes = {
				BuildIndependentTargetsInParallel = 1;
				LastSwiftUpdateCheck = 1340;
				LastUpgradeCheck = 1340;
				TargetAttributes = {
					AE7A6A90288E9350007CCBEB = {
						CreatedOnToolsVersion = 13.4.1;
					};
				};
			};
			buildConfigurationList = AE7A6A8C288E9350007CCBEB /* Build configuration list for PBXProject "Crypto App" */;
			compatibilityVersion = "Xcode 13.0";
			developmentRegion = en;
			hasScannedForEncodings = 0;
			knownRegions = (
				en,
				Base,
			);
			mainGroup = AE7A6A88288E9350007CCBEB;
			productRefGroup = AE7A6A92288E9350007CCBEB /* Products */;
			projectDirPath = "";
			projectRoot = "";
			targets = (
				AE7A6A90288E9350007CCBEB /* Crypto App */,
			);
		};
/* End PBXProject section */

/* Begin PBXResourcesBuildPhase section */
		AE7A6A8F288E9350007CCBEB /* Resources */ = {
			isa = PBXResourcesBuildPhase;
			buildActionMask = 2147483647;
			files = (
				AE7A6A9C288E9353007CCBEB /* Preview Assets.xcassets in Resources */,
				AE7A6AA3288E9362007CCBEB /* Assets.xcassets in Resources */,
			);
			runOnlyForDeploymentPostprocessing = 0;
		};
/* End PBXResourcesBuildPhase section */

/* Begin PBXSourcesBuildPhase section */
		AE7A6A8D288E9350007CCBEB /* Sources */ = {
			isa = PBXSourcesBuildPhase;
			buildActionMask = 2147483647;
			files = (
				AE80126F28A255980041AB27 /* StatisticModel.swift in Sources */,
				AE821E722890FF70008692C9 /* CoinDataService.swift in Sources */,
				AE7EB2D6288FC12900B648A9 /* CoinRowView.swift in Sources */,
				AE7C1B2D289541C800F914B3 /* CoinImageServices.swift in Sources */,
				AE7EB2DE288FDE7900B648A9 /* HomeViewModel.swift in Sources */,
				AE87B4F128A0E6BF00D86909 /* LocalFileManager.swift in Sources */,
				AE77B1A928A27C2300BF0BB7 /* MarketDataModel.swift in Sources */,
				AE7C1B282895245200F914B3 /* NetworkManager.swift in Sources */,
				AE7A6A97288E9350007CCBEB /* ContentView.swift in Sources */,
				AE7C1B2B28953FF300F914B3 /* CoinImageView.swift in Sources */,
				AE87B4F528A139F900D86909 /* UIApplication.swift in Sources */,
				AE80127128A2570F0041AB27 /* StatisticsView.swift in Sources */,
				AE7A6AAC288EC27B007CCBEB /* HomeView.swift in Sources */,
				AE7A6A95288E9350007CCBEB /* Crypto_AppApp.swift in Sources */,
				AE80127328A26DCF0041AB27 /* HomeStatView.swift in Sources */,
				AE87B4F328A12D6600D86909 /* SearchBarView.swift in Sources */,
				AE7A6AA6288E93A7007CCBEB /* Color.swift in Sources */,
				AE77B1AB28A2853700BF0BB7 /* MarketDataService.swift in Sources */,
				AE7A6AB2288ECC45007CCBEB /* CircleButtonAnimation.swift in Sources */,
				AE7C1B2F2895444800F914B3 /* CoinImageViewModel.swift in Sources */,
				AE7A6AB0288EC414007CCBEB /* CircleViewButton.swift in Sources */,
				AE7EB2DA288FC31300B648A9 /* PreviewProvider.swift in Sources */,
				AE7EB2DC288FC7D900B648A9 /* Double.swift in Sources */,
				AE7EB2D4288FAB0000B648A9 /* CoinModel.swift in Sources */,
			);
			runOnlyForDeploymentPostprocessing = 0;
		};
/* End PBXSourcesBuildPhase section */

/* Begin XCBuildConfiguration section */
		AE7A6A9D288E9353007CCBEB /* Debug */ = {
			isa = XCBuildConfiguration;
			buildSettings = {
				ALWAYS_SEARCH_USER_PATHS = NO;
				CLANG_ANALYZER_NONNULL = YES;
				CLANG_ANALYZER_NUMBER_OBJECT_CONVERSION = YES_AGGRESSIVE;
				CLANG_CXX_LANGUAGE_STANDARD = "gnu++17";
				CLANG_ENABLE_MODULES = YES;
				CLANG_ENABLE_OBJC_ARC = YES;
				CLANG_ENABLE_OBJC_WEAK = YES;
				CLANG_WARN_BLOCK_CAPTURE_AUTORELEASING = YES;
				CLANG_WARN_BOOL_CONVERSION = YES;
				CLANG_WARN_COMMA = YES;
				CLANG_WARN_CONSTANT_CONVERSION = YES;
				CLANG_WARN_DEPRECATED_OBJC_IMPLEMENTATIONS = YES;
				CLANG_WARN_DIRECT_OBJC_ISA_USAGE = YES_ERROR;
				CLANG_WARN_DOCUMENTATION_COMMENTS = YES;
				CLANG_WARN_EMPTY_BODY = YES;
				CLANG_WARN_ENUM_CONVERSION = YES;
				CLANG_WARN_INFINITE_RECURSION = YES;
				CLANG_WARN_INT_CONVERSION = YES;
				CLANG_WARN_NON_LITERAL_NULL_CONVERSION = YES;
				CLANG_WARN_OBJC_IMPLICIT_RETAIN_SELF = YES;
				CLANG_WARN_OBJC_LITERAL_CONVERSION = YES;
				CLANG_WARN_OBJC_ROOT_CLASS = YES_ERROR;
				CLANG_WARN_QUOTED_INCLUDE_IN_FRAMEWORK_HEADER = YES;
				CLANG_WARN_RANGE_LOOP_ANALYSIS = YES;
				CLANG_WARN_STRICT_PROTOTYPES = YES;
				CLANG_WARN_SUSPICIOUS_MOVE = YES;
				CLANG_WARN_UNGUARDED_AVAILABILITY = YES_AGGRESSIVE;
				CLANG_WARN_UNREACHABLE_CODE = YES;
				CLANG_WARN__DUPLICATE_METHOD_MATCH = YES;
				COPY_PHASE_STRIP = NO;
				DEBUG_INFORMATION_FORMAT = dwarf;
				ENABLE_STRICT_OBJC_MSGSEND = YES;
				ENABLE_TESTABILITY = YES;
				GCC_C_LANGUAGE_STANDARD = gnu11;
				GCC_DYNAMIC_NO_PIC = NO;
				GCC_NO_COMMON_BLOCKS = YES;
				GCC_OPTIMIZATION_LEVEL = 0;
				GCC_PREPROCESSOR_DEFINITIONS = (
					"DEBUG=1",
					"$(inherited)",
				);
				GCC_WARN_64_TO_32_BIT_CONVERSION = YES;
				GCC_WARN_ABOUT_RETURN_TYPE = YES_ERROR;
				GCC_WARN_UNDECLARED_SELECTOR = YES;
				GCC_WARN_UNINITIALIZED_AUTOS = YES_AGGRESSIVE;
				GCC_WARN_UNUSED_FUNCTION = YES;
				GCC_WARN_UNUSED_VARIABLE = YES;
				IPHONEOS_DEPLOYMENT_TARGET = 15.5;
				MTL_ENABLE_DEBUG_INFO = INCLUDE_SOURCE;
				MTL_FAST_MATH = YES;
				ONLY_ACTIVE_ARCH = YES;
				SDKROOT = iphoneos;
				SWIFT_ACTIVE_COMPILATION_CONDITIONS = DEBUG;
				SWIFT_OPTIMIZATION_LEVEL = "-Onone";
			};
			name = Debug;
		};
		AE7A6A9E288E9353007CCBEB /* Release */ = {
			isa = XCBuildConfiguration;
			buildSettings = {
				ALWAYS_SEARCH_USER_PATHS = NO;
				CLANG_ANALYZER_NONNULL = YES;
				CLANG_ANALYZER_NUMBER_OBJECT_CONVERSION = YES_AGGRESSIVE;
				CLANG_CXX_LANGUAGE_STANDARD = "gnu++17";
				CLANG_ENABLE_MODULES = YES;
				CLANG_ENABLE_OBJC_ARC = YES;
				CLANG_ENABLE_OBJC_WEAK = YES;
				CLANG_WARN_BLOCK_CAPTURE_AUTORELEASING = YES;
				CLANG_WARN_BOOL_CONVERSION = YES;
				CLANG_WARN_COMMA = YES;
				CLANG_WARN_CONSTANT_CONVERSION = YES;
				CLANG_WARN_DEPRECATED_OBJC_IMPLEMENTATIONS = YES;
				CLANG_WARN_DIRECT_OBJC_ISA_USAGE = YES_ERROR;
				CLANG_WARN_DOCUMENTATION_COMMENTS = YES;
				CLANG_WARN_EMPTY_BODY = YES;
				CLANG_WARN_ENUM_CONVERSION = YES;
				CLANG_WARN_INFINITE_RECURSION = YES;
				CLANG_WARN_INT_CONVERSION = YES;
				CLANG_WARN_NON_LITERAL_NULL_CONVERSION = YES;
				CLANG_WARN_OBJC_IMPLICIT_RETAIN_SELF = YES;
				CLANG_WARN_OBJC_LITERAL_CONVERSION = YES;
				CLANG_WARN_OBJC_ROOT_CLASS = YES_ERROR;
				CLANG_WARN_QUOTED_INCLUDE_IN_FRAMEWORK_HEADER = YES;
				CLANG_WARN_RANGE_LOOP_ANALYSIS = YES;
				CLANG_WARN_STRICT_PROTOTYPES = YES;
				CLANG_WARN_SUSPICIOUS_MOVE = YES;
				CLANG_WARN_UNGUARDED_AVAILABILITY = YES_AGGRESSIVE;
				CLANG_WARN_UNREACHABLE_CODE = YES;
				CLANG_WARN__DUPLICATE_METHOD_MATCH = YES;
				COPY_PHASE_STRIP = NO;
				DEBUG_INFORMATION_FORMAT = "dwarf-with-dsym";
				ENABLE_NS_ASSERTIONS = NO;
				ENABLE_STRICT_OBJC_MSGSEND = YES;
				GCC_C_LANGUAGE_STANDARD = gnu11;
				GCC_NO_COMMON_BLOCKS = YES;
				GCC_WARN_64_TO_32_BIT_CONVERSION = YES;
				GCC_WARN_ABOUT_RETURN_TYPE = YES_ERROR;
				GCC_WARN_UNDECLARED_SELECTOR = YES;
				GCC_WARN_UNINITIALIZED_AUTOS = YES_AGGRESSIVE;
				GCC_WARN_UNUSED_FUNCTION = YES;
				GCC_WARN_UNUSED_VARIABLE = YES;
				IPHONEOS_DEPLOYMENT_TARGET = 15.5;
				MTL_ENABLE_DEBUG_INFO = NO;
				MTL_FAST_MATH = YES;
				SDKROOT = iphoneos;
				SWIFT_COMPILATION_MODE = wholemodule;
				SWIFT_OPTIMIZATION_LEVEL = "-O";
				VALIDATE_PRODUCT = YES;
			};
			name = Release;
		};
		AE7A6AA0288E9353007CCBEB /* Debug */ = {
			isa = XCBuildConfiguration;
			buildSettings = {
				ASSETCATALOG_COMPILER_APPICON_NAME = AppIcon;
				ASSETCATALOG_COMPILER_GLOBAL_ACCENT_COLOR_NAME = AccentColor;
				CODE_SIGN_STYLE = Automatic;
				CURRENT_PROJECT_VERSION = 1;
				DEVELOPMENT_ASSET_PATHS = "\"Crypto App/Preview Content\"";
				ENABLE_PREVIEWS = YES;
				GENERATE_INFOPLIST_FILE = YES;
				INFOPLIST_KEY_UIApplicationSceneManifest_Generation = YES;
				INFOPLIST_KEY_UIApplicationSupportsIndirectInputEvents = YES;
				INFOPLIST_KEY_UILaunchScreen_Generation = YES;
				INFOPLIST_KEY_UISupportedInterfaceOrientations_iPad = "UIInterfaceOrientationPortrait UIInterfaceOrientationPortraitUpsideDown UIInterfaceOrientationLandscapeLeft UIInterfaceOrientationLandscapeRight";
				INFOPLIST_KEY_UISupportedInterfaceOrientations_iPhone = "UIInterfaceOrientationPortrait UIInterfaceOrientationLandscapeLeft UIInterfaceOrientationLandscapeRight";
				LD_RUNPATH_SEARCH_PATHS = (
					"$(inherited)",
					"@executable_path/Frameworks",
				);
				MARKETING_VERSION = 1.0;
				PRODUCT_BUNDLE_IDENTIFIER = "com.thecodebucket.Crypto-App";
				PRODUCT_NAME = "$(TARGET_NAME)";
				SWIFT_EMIT_LOC_STRINGS = YES;
				SWIFT_VERSION = 5.0;
				TARGETED_DEVICE_FAMILY = "1,2";
			};
			name = Debug;
		};
		AE7A6AA1288E9353007CCBEB /* Release */ = {
			isa = XCBuildConfiguration;
			buildSettings = {
				ASSETCATALOG_COMPILER_APPICON_NAME = AppIcon;
				ASSETCATALOG_COMPILER_GLOBAL_ACCENT_COLOR_NAME = AccentColor;
				CODE_SIGN_STYLE = Automatic;
				CURRENT_PROJECT_VERSION = 1;
				DEVELOPMENT_ASSET_PATHS = "\"Crypto App/Preview Content\"";
				ENABLE_PREVIEWS = YES;
				GENERATE_INFOPLIST_FILE = YES;
				INFOPLIST_KEY_UIApplicationSceneManifest_Generation = YES;
				INFOPLIST_KEY_UIApplicationSupportsIndirectInputEvents = YES;
				INFOPLIST_KEY_UILaunchScreen_Generation = YES;
				INFOPLIST_KEY_UISupportedInterfaceOrientations_iPad = "UIInterfaceOrientationPortrait UIInterfaceOrientationPortraitUpsideDown UIInterfaceOrientationLandscapeLeft UIInterfaceOrientationLandscapeRight";
				INFOPLIST_KEY_UISupportedInterfaceOrientations_iPhone = "UIInterfaceOrientationPortrait UIInterfaceOrientationLandscapeLeft UIInterfaceOrientationLandscapeRight";
				LD_RUNPATH_SEARCH_PATHS = (
					"$(inherited)",
					"@executable_path/Frameworks",
				);
				MARKETING_VERSION = 1.0;
				PRODUCT_BUNDLE_IDENTIFIER = "com.thecodebucket.Crypto-App";
				PRODUCT_NAME = "$(TARGET_NAME)";
				SWIFT_EMIT_LOC_STRINGS = YES;
				SWIFT_VERSION = 5.0;
				TARGETED_DEVICE_FAMILY = "1,2";
			};
			name = Release;
		};
/* End XCBuildConfiguration section */

/* Begin XCConfigurationList section */
		AE7A6A8C288E9350007CCBEB /* Build configuration list for PBXProject "Crypto App" */ = {
			isa = XCConfigurationList;
			buildConfigurations = (
				AE7A6A9D288E9353007CCBEB /* Debug */,
				AE7A6A9E288E9353007CCBEB /* Release */,
			);
			defaultConfigurationIsVisible = 0;
			defaultConfigurationName = Release;
		};
		AE7A6A9F288E9353007CCBEB /* Build configuration list for PBXNativeTarget "Crypto App" */ = {
			isa = XCConfigurationList;
			buildConfigurations = (
				AE7A6AA0288E9353007CCBEB /* Debug */,
				AE7A6AA1288E9353007CCBEB /* Release */,
			);
			defaultConfigurationIsVisible = 0;
			defaultConfigurationName = Release;
		};
/* End XCConfigurationList section */
	};
	rootObject = AE7A6A89288E9350007CCBEB /* Project object */;
}
